
Microsoft Visual Studio Solution File, Format Version 12.00
# Visual Studio Version 17
VisualStudioVersion = 17.10.35122.118
MinimumVisualStudioVersion = 10.0.40219.1
Project("{FAE04EC0-301F-11D3-BF4B-00C04F79EFBC}") = "EmployeeViewer.Main", "EmployeeViewer.Main\EmployeeViewer.Main.csproj", "{F727A3CE-7A05-439E-A38B-585C7C83B639}"
EndProject
Global
	GlobalSection(SolutionConfigurationPlatforms) = preSolution
		Debug|Any CPU = Debug|Any CPU
		Release|Any CPU = Release|Any CPU
	EndGlobalSection
	GlobalSection(ProjectConfigurationPlatforms) = postSolution
		{F727A3CE-7A05-439E-A38B-585C7C83B639}.Debug|Any CPU.ActiveCfg = Debug|Any CPU
		{F727A3CE-7A05-439E-A38B-585C7C83B639}.Debug|Any CPU.Build.0 = Debug|Any CPU
		{F727A3CE-7A05-439E-A38B-585C7C83B639}.Release|Any CPU.ActiveCfg = Release|Any CPU
		{F727A3CE-7A05-439E-A38B-585C7C83B639}.Release|Any CPU.Build.0 = Release|Any CPU
	EndGlobalSection
	GlobalSection(SolutionProperties) = preSolution
		HideSolutionNode = FALSE
	EndGlobalSection
	GlobalSection(ExtensibilityGlobals) = postSolution
		SolutionGuid = {A711B03A-8A23-4247-9ED7-C18C13A3FE7D}
	EndGlobalSection
EndGlobal
